{
  "projects": [
    {
      "projectId": "vqeFwpZFQ6buChy6T9PGwQ",
      "version": "0.14.0",
      "dependencies": {},
      "lang": "js",
      "fileLocks": [
        {
          "assetId": "vqeFwpZFQ6buChy6T9PGwQ",
          "type": "projectCss",
          "checksum": "1c02168c6b23256606111fdfdbb63549"
        }
      ],
      "codegenVersion": "0.0.1"
    },
    {
      "projectId": "r3ASNrnyvLLLAtDvzUioQ",
      "version": "4.10.0",
      "dependencies": {},
      "lang": "js",
      "fileLocks": [
        {
          "assetId": "r3ASNrnyvLLLAtDvzUioQ",
          "type": "projectCss",
          "checksum": "1c02168c6b23256606111fdfdbb63549"
        }
      ],
      "codegenVersion": "0.0.1"
    },
    {
      "projectId": "58GpZjZCWTaJ8AUhpCwt2K",
      "version": "3.30.0",
      "dependencies": {},
      "lang": "js",
      "fileLocks": [
        {
          "assetId": "58GpZjZCWTaJ8AUhpCwt2K",
          "type": "projectCss",
          "checksum": "f0469e206244772473ab64f50be898f9"
        }
      ],
      "codegenVersion": "0.0.1"
    },
    {
      "projectId": "84wxoth5npGrp6RRXPL88z",
      "version": "4.32.0",
      "dependencies": {},
      "lang": "js",
      "fileLocks": [
        {
          "assetId": "84wxoth5npGrp6RRXPL88z",
          "type": "projectCss",
          "checksum": "aedf7b9afd779b089be209519ad30e96"
        },
        {
          "assetId": "84wxoth5npGrp6RRXPL88z",
          "checksum": "a6922f1d9c72c47827138a4ab01b1554",
          "type": "globalContexts"
        }
      ],
      "codegenVersion": "0.0.1"
    },
    {
      "projectId": "szjgMQpPpxhmkjnaBvZQJG",
      "version": "2.30.0",
      "dependencies": {},
      "lang": "js",
      "fileLocks": [
        {
          "assetId": "szjgMQpPpxhmkjnaBvZQJG",
          "type": "projectCss",
          "checksum": "72ff85f8dbd01d559ad13ce12accad86"
        }
      ],
      "codegenVersion": "0.0.1"
    },
    {
      "projectId": "8PtdGodUbexNYgkuyBUcWu",
      "version": "3.29.0",
      "dependencies": {},
      "lang": "js",
      "fileLocks": [
        {
          "assetId": "8PtdGodUbexNYgkuyBUcWu",
          "type": "projectCss",
          "checksum": "9440f91b1e8169311ba244276a5922c3"
        },
        {
          "assetId": "8PtdGodUbexNYgkuyBUcWu",
          "checksum": "73535dd5df0b6752ddefce5a51e0fa5e",
          "type": "globalContexts"
        }
      ],
      "codegenVersion": "0.0.1"
    },
    {
      "projectId": "gLnoj82AzKVVT7qXiqAbHD",
      "version": "2.16.0",
      "dependencies": {},
      "lang": "js",
      "fileLocks": [
        {
          "assetId": "gLnoj82AzKVVT7qXiqAbHD",
          "type": "projectCss",
          "checksum": "1c02168c6b23256606111fdfdbb63549"
        },
        {
          "type": "renderModule",
          "assetId": "lBHNzts6tFyj",
          "checksum": "486ea923416dba9de89b1cc41fb8867c"
        },
        {
          "type": "cssRules",
          "assetId": "lBHNzts6tFyj",
          "checksum": "486ea923416dba9de89b1cc41fb8867c"
        },
        {
          "type": "icon",
          "assetId": "zq2s7N0xWucT",
          "checksum": "bd85295cedaeac0de29b4aa0716fc5ad"
        },
        {
          "type": "icon",
          "assetId": "8K40faRNhuCj",
          "checksum": "d2e49d902b3cffb3c7e3d761d5f3f5af"
        }
      ],
      "codegenVersion": "0.0.1"
    },
    {
      "projectId": "YUiM7yqBWAqsh8KSnrdj7",
      "version": "0.35.0",
      "dependencies": {},
      "lang": "js",
      "fileLocks": [
        {
          "assetId": "YUiM7yqBWAqsh8KSnrdj7",
          "type": "projectCss",
          "checksum": "21b499a9da4edbc2266c72c2ba127787"
        }
      ],
      "codegenVersion": "0.0.1"
    },
    {
      "projectId": "sqPBLwEBBKHA2WDuGb17eV",
      "version": "2.6.0",
      "dependencies": {},
      "lang": "js",
      "fileLocks": [
        {
          "assetId": "sqPBLwEBBKHA2WDuGb17eV",
          "type": "projectCss",
          "checksum": "1c02168c6b23256606111fdfdbb63549"
        },
        {
          "type": "renderModule",
          "assetId": "5nirPCGmCnRD",
          "checksum": "af9f7e82d5790bdd2b63d24239497960"
        },
        {
          "type": "cssRules",
          "assetId": "5nirPCGmCnRD",
          "checksum": "af9f7e82d5790bdd2b63d24239497960"
        },
        {
          "type": "icon",
          "assetId": "Wyt3GMMsLefj",
          "checksum": "deaf3f5a9deac5496bb1f95e8d12632e"
        },
        {
          "type": "icon",
          "assetId": "MbDRsJU0e3bw",
          "checksum": "9d51d53684707877b3fd221333160d5b"
        }
      ],
      "codegenVersion": "0.0.1"
    },
    {
      "projectId": "7nJ7UcFmq9UzB6eXfC5z4a",
      "version": "0.33.0",
      "dependencies": {},
      "lang": "js",
      "fileLocks": [
        {
          "assetId": "7nJ7UcFmq9UzB6eXfC5z4a",
          "type": "projectCss",
          "checksum": "01e8cee5b9ce00fbc93f494c2a40dbf1"
        }
      ],
      "codegenVersion": "0.0.1"
    },
    {
      "projectId": "jkU633o1Cz7HrJdwdxhVHk",
      "version": "16.15.0",
      "dependencies": {},
      "lang": "js",
      "fileLocks": [
        {
          "assetId": "jkU633o1Cz7HrJdwdxhVHk",
          "type": "projectCss",
          "checksum": "cf57d229ecea50678d9d8d3bc0e3dd9b"
        }
      ],
      "codegenVersion": "0.0.1"
    },
    {
      "projectId": "ohDidvG9XsCeFumugENU3J",
      "version": "6.31.0",
      "dependencies": {},
      "lang": "js",
      "fileLocks": [
        {
          "assetId": "ohDidvG9XsCeFumugENU3J",
          "type": "projectCss",
          "checksum": "ba2a60a163fca4f4d510275088a2be53"
        },
        {
          "assetId": "ohDidvG9XsCeFumugENU3J",
          "checksum": "f9cc098ce5640eefe7d9edb8470a210c",
          "type": "globalContexts"
        }
      ],
      "codegenVersion": "0.0.1"
    },
    {
      "projectId": "caTPwKxj5ZrD9LQ7DMdK4Z",
      "version": "3.42.0",
      "dependencies": {},
      "lang": "js",
      "fileLocks": [
        {
          "assetId": "caTPwKxj5ZrD9LQ7DMdK4Z",
          "type": "projectCss",
          "checksum": "1c02168c6b23256606111fdfdbb63549"
        }
      ],
      "codegenVersion": "0.0.1"
    },
    {
      "projectId": "o1okMcGKKQpxNMvBHBF5AX",
      "version": "latest",
      "dependencies": {
        "caTPwKxj5ZrD9LQ7DMdK4Z": "3.42.0",
        "ohDidvG9XsCeFumugENU3J": "6.31.0",
        "jkU633o1Cz7HrJdwdxhVHk": "16.15.0",
        "7nJ7UcFmq9UzB6eXfC5z4a": "0.33.0",
        "sqPBLwEBBKHA2WDuGb17eV": "2.6.0",
        "YUiM7yqBWAqsh8KSnrdj7": "0.35.0",
        "gLnoj82AzKVVT7qXiqAbHD": "2.16.0",
        "8PtdGodUbexNYgkuyBUcWu": "3.29.0",
        "szjgMQpPpxhmkjnaBvZQJG": "2.30.0",
        "84wxoth5npGrp6RRXPL88z": "4.32.0",
        "58GpZjZCWTaJ8AUhpCwt2K": "3.30.0",
        "r3ASNrnyvLLLAtDvzUioQ": "4.10.0",
        "vqeFwpZFQ6buChy6T9PGwQ": "0.14.0"
      },
      "lang": "js",
      "fileLocks": [
        {
          "type": "globalVariant",
          "assetId": "AfQfxQQ4z6FV",
          "checksum": "d7ea7b39cef6b571f63f5632b0b9c38e"
        },
        {
          "assetId": "o1okMcGKKQpxNMvBHBF5AX",
          "type": "projectCss",
          "checksum": "7d9e5e3ff6f83ba86b391b67fc1b9580"
        },
        {
          "assetId": "o1okMcGKKQpxNMvBHBF5AX",
          "checksum": "b759c64fd4c1a825a0b22147584089ee",
          "type": "globalContexts"
        },
        {
          "type": "renderModule",
          "assetId": "X3-HEDPjMEZu",
          "checksum": "0793ce11e1cfccc4cad49d2c3a04d97b"
        },
        {
          "type": "cssRules",
          "assetId": "X3-HEDPjMEZu",
          "checksum": "0793ce11e1cfccc4cad49d2c3a04d97b"
        },
        {
          "type": "renderModule",
          "assetId": "e8VbCzfvkGCB",
          "checksum": "41b91006bc45449b88d3685881a8bba2"
        },
        {
          "type": "cssRules",
          "assetId": "e8VbCzfvkGCB",
          "checksum": "41b91006bc45449b88d3685881a8bba2"
        },
        {
          "type": "renderModule",
          "assetId": "xQhiVJ8cM3Zj",
          "checksum": "2f2a948eaf2267cc638b0a8d7b1a581d"
        },
        {
          "type": "cssRules",
          "assetId": "xQhiVJ8cM3Zj",
          "checksum": "2f2a948eaf2267cc638b0a8d7b1a581d"
        },
        {
          "type": "renderModule",
          "assetId": "otoKTrPotBhl",
          "checksum": "61d2fc439f0915ebc6821f2c7fbbbba5"
        },
        {
          "type": "cssRules",
          "assetId": "otoKTrPotBhl",
          "checksum": "61d2fc439f0915ebc6821f2c7fbbbba5"
        },
        {
          "type": "renderModule",
          "assetId": "nCV_kL5JoL71",
          "checksum": "13d2cf843e7f3a335e7db245fa69d308"
        },
        {
          "type": "cssRules",
          "assetId": "nCV_kL5JoL71",
          "checksum": "13d2cf843e7f3a335e7db245fa69d308"
        },
        {
          "type": "renderModule",
          "assetId": "pNbHwpahi8Jg",
          "checksum": "e324bd15b0a625850464375b0bcbbb91"
        },
        {
          "type": "cssRules",
          "assetId": "pNbHwpahi8Jg",
          "checksum": "e324bd15b0a625850464375b0bcbbb91"
        },
        {
          "type": "renderModule",
          "assetId": "pzp9lyMJWHT1",
          "checksum": "4432d61f3f434e918790c63e97400232"
        },
        {
          "type": "cssRules",
          "assetId": "pzp9lyMJWHT1",
          "checksum": "4432d61f3f434e918790c63e97400232"
        },
        {
          "type": "renderModule",
          "assetId": "Vw7-oc2FdHyc",
          "checksum": "8034166fac4e30019d86bc4d4a95a1f2"
        },
        {
          "type": "cssRules",
          "assetId": "Vw7-oc2FdHyc",
          "checksum": "8034166fac4e30019d86bc4d4a95a1f2"
        },
        {
          "type": "renderModule",
          "assetId": "Q8zDqOmruP8H",
          "checksum": "e7b59c116a2cec07b84684395fd972dd"
        },
        {
          "type": "cssRules",
          "assetId": "Q8zDqOmruP8H",
          "checksum": "e7b59c116a2cec07b84684395fd972dd"
        },
        {
          "type": "renderModule",
          "assetId": "Y4goiaYc4-rB",
          "checksum": "7a6df94bb159a5d6af3457ff38e60495"
        },
        {
          "type": "cssRules",
          "assetId": "Y4goiaYc4-rB",
          "checksum": "7a6df94bb159a5d6af3457ff38e60495"
        },
        {
          "type": "renderModule",
          "assetId": "JgWdaRymFGtW",
          "checksum": "71d3a32c6639791c98712d3f2f80aedb"
        },
        {
          "type": "cssRules",
          "assetId": "JgWdaRymFGtW",
          "checksum": "71d3a32c6639791c98712d3f2f80aedb"
        },
        {
          "type": "renderModule",
          "assetId": "ASsMdTjUegt9",
          "checksum": "aebc45119fa273f77beaed35f8fb79b1"
        },
        {
          "type": "cssRules",
          "assetId": "ASsMdTjUegt9",
          "checksum": "aebc45119fa273f77beaed35f8fb79b1"
        },
        {
          "type": "renderModule",
          "assetId": "KToG4jP2WI3u",
          "checksum": "91f79c6a9e6af248044c9ac432491abe"
        },
        {
          "type": "cssRules",
          "assetId": "KToG4jP2WI3u",
          "checksum": "91f79c6a9e6af248044c9ac432491abe"
        },
        {
          "type": "renderModule",
          "assetId": "44Bs5c9YUTWl",
          "checksum": "8a0013ab21e0cf40bfd5a3325f8f0224"
        },
        {
          "type": "cssRules",
          "assetId": "44Bs5c9YUTWl",
          "checksum": "8a0013ab21e0cf40bfd5a3325f8f0224"
        },
        {
          "type": "renderModule",
          "assetId": "-Otdm8IqFxEh",
          "checksum": "1e95429659b48d8049c5bdedef96e0b5"
        },
        {
          "type": "cssRules",
          "assetId": "-Otdm8IqFxEh",
          "checksum": "1e95429659b48d8049c5bdedef96e0b5"
        },
        {
          "type": "renderModule",
          "assetId": "4lb3-XGhjTbZ",
          "checksum": "3387bba8f5f484716630f0d8d837355d"
        },
        {
          "type": "cssRules",
          "assetId": "4lb3-XGhjTbZ",
          "checksum": "3387bba8f5f484716630f0d8d837355d"
        },
        {
          "type": "renderModule",
          "assetId": "sh-uP5cin7Ty",
          "checksum": "d565f4f376d6a0654baf3b5c4fe73e21"
        },
        {
          "type": "cssRules",
          "assetId": "sh-uP5cin7Ty",
          "checksum": "d565f4f376d6a0654baf3b5c4fe73e21"
        },
        {
          "type": "renderModule",
          "assetId": "ZUDTp8bVWCGd",
          "checksum": "f01d1907ce11a1c884919b4130f209ba"
        },
        {
          "type": "cssRules",
          "assetId": "ZUDTp8bVWCGd",
          "checksum": "f01d1907ce11a1c884919b4130f209ba"
        },
        {
          "type": "renderModule",
          "assetId": "GzjjTDGcQciw",
          "checksum": "35cbf41c05c6439eb6eccbc0b15c748b"
        },
        {
          "type": "cssRules",
          "assetId": "GzjjTDGcQciw",
          "checksum": "35cbf41c05c6439eb6eccbc0b15c748b"
        },
        {
          "type": "renderModule",
          "assetId": "AWeMI1WP8wdU",
          "checksum": "fa07d815289e3ca122c4d1ca3a1f21f2"
        },
        {
          "type": "cssRules",
          "assetId": "AWeMI1WP8wdU",
          "checksum": "fa07d815289e3ca122c4d1ca3a1f21f2"
        },
        {
          "type": "renderModule",
          "assetId": "fnPhMKguPsAU",
          "checksum": "2bfdee18141e34051591ab6fd39c118f"
        },
        {
          "type": "cssRules",
          "assetId": "fnPhMKguPsAU",
          "checksum": "2bfdee18141e34051591ab6fd39c118f"
        },
        {
          "type": "renderModule",
          "assetId": "PlKwtc33DHuA",
          "checksum": "73d809043bbb24bdf4350c469e2c2f95"
        },
        {
          "type": "cssRules",
          "assetId": "PlKwtc33DHuA",
          "checksum": "73d809043bbb24bdf4350c469e2c2f95"
        },
        {
          "type": "renderModule",
          "assetId": "xenWMAt9fjgb",
          "checksum": "2a0f8589328731556b195e8b336b4958"
        },
        {
          "type": "cssRules",
          "assetId": "xenWMAt9fjgb",
          "checksum": "2a0f8589328731556b195e8b336b4958"
        },
        {
          "type": "icon",
          "assetId": "3WzvOlcGA_yI",
          "checksum": "88b5155cc21e147994e1e35aafb8327b"
        },
        {
          "type": "icon",
          "assetId": "DkKrfBfnBp4M",
          "checksum": "beb6088edd3e789a2a8b87995caac56c"
        },
        {
          "type": "icon",
          "assetId": "2glLQcJkYhfG",
          "checksum": "8c990d3e0cedbe06e4a7faada9f6e772"
        },
        {
          "type": "icon",
          "assetId": "aywx6ndzPtPA",
          "checksum": "44166db8544a11c4d7986f361cfe691c"
        },
        {
          "type": "icon",
          "assetId": "mgkbuF1un8Wn",
          "checksum": "1ca206e5b760ed97653a3c5161dc98be"
        },
        {
          "type": "icon",
          "assetId": "Rn37uRscEHJo",
          "checksum": "f004cfa31719cabac2f5188ea57f5b85"
        },
        {
          "type": "icon",
          "assetId": "E14ML55BDGUX",
          "checksum": "229013c5e0be29426922c6564fa20310"
        },
        {
          "type": "icon",
          "assetId": "QhC-OreqtXSJ",
          "checksum": "a3042da4eca4941e8df42fd8dea2f276"
        },
        {
          "type": "icon",
          "assetId": "x2zcDXWQ9si_",
          "checksum": "2b111406225ea84c27eaad4357dc1389"
        },
        {
          "type": "icon",
          "assetId": "PjtLSAQKnlOe",
          "checksum": "66df511581db4d00b1add138e5a7cfec"
        },
        {
          "type": "icon",
          "assetId": "fiS_r-ApxPZz",
          "checksum": "25fe73cac3035a25c0e114253d9e543a"
        },
        {
          "type": "icon",
          "assetId": "JoxmGUvkLDWS",
          "checksum": "3cd68b810c2fe2e358388724c85fc796"
        },
        {
          "type": "icon",
          "assetId": "ZobXenUULIY5",
          "checksum": "eebe18668664ffa24cb4d3fddf2c3d15"
        },
        {
          "type": "icon",
          "assetId": "wahK1bla06D8",
          "checksum": "d07edf6106432d05131982c5210e6f14"
        },
        {
          "type": "icon",
          "assetId": "2jfwbiX1nlq9",
          "checksum": "562d4ad0813d717896bbde2603d1590c"
        },
        {
          "type": "icon",
          "assetId": "m_HAYO5IKO0P",
          "checksum": "833cbe5bd722c768c5ac2cf7f06ff020"
        },
        {
          "type": "icon",
          "assetId": "eZeiZOUOmx76",
          "checksum": "8431b3ce4160db7bfc910cb2a8ce52ec"
        },
        {
          "type": "icon",
          "assetId": "SNRKueRmHx3F",
          "checksum": "b7e7165faf649e046d5996e8300c4730"
        },
        {
          "type": "icon",
          "assetId": "Im5kc8q9l_pM",
          "checksum": "37b59bcbc5e432525a3f2230fea9110d"
        },
        {
          "type": "icon",
          "assetId": "vkW1FI6FkgsQ",
          "checksum": "b2700db2191c9417298f35575932885c"
        },
        {
          "type": "image",
          "assetId": "iBUtP51mM_GS",
          "checksum": "5e6be3fa78b34b337abb61e6d7f1f23c"
        },
        {
          "type": "image",
          "assetId": "XVfa6mgrhSqW",
          "checksum": "ede18d1bd5ff0e3121897f196655e7e4"
        },
        {
          "type": "image",
          "assetId": "Q-BDqEkfe2nL",
          "checksum": "c94dbc4d38274397857c6550f4805836"
        },
        {
          "type": "image",
          "assetId": "H6Cn2rNEpntg",
          "checksum": "713bcda05ad7c80bde60add29a458fab"
        },
        {
          "type": "image",
          "assetId": "Bu6aoOGxWK5n",
          "checksum": "234d13be23b4d726dc9853f6010606b1"
        },
        {
          "type": "image",
          "assetId": "EIdmCegVuYM9",
          "checksum": "94fb20d0791990a1acbfae9d63ef6fb9"
        },
        {
          "type": "image",
          "assetId": "09UXNHwi5Fib",
          "checksum": "7c9b85f053a07d89f4ecee38318d8e7d"
        }
      ],
      "codegenVersion": "0.0.1"
    }
  ],
  "cliVersion": "0.1.340"
}
